github.com/deckarep/golang-set/v2 v2.8.0 h1:swm0rlPCmdWn9mESxKOjWk8hXSqoxOp+ZlfuyaAdFlQ=
github.com/deckarep/golang-set/v2 v2.8.0/go.mod h1:VAky9rY/yGXJOLEDv3OMci+7wtDpOF4IN+y82NBOac4=
github.com/lukpank/go-glpk v0.0.0-20180303121012-2e64496cbbfa h1:Yw0xrf0Et15qHHMQevm9HXyxhaUZasVrWQ3Qz2ogT+c=
github.com/lukpank/go-glpk v0.0.0-20180303121012-2e64496cbbfa/go.mod h1:KEQoE37Z9T1bOAfFP0+yjmcgGabWf6j32MA+z6QmkhA=
